<Solution>  <Configurations>    <Platform Name="x64" />  </Configurations>  <Folder Name="/Docs/">    <File Path="docs/CHANGELOG.md" />    <File Path="docs/Migration.md" />    <File Path="docs/README.md" />  </Folder>  <Folder Name="/Solution Items/">    <File Path=".editorconfig" />    <File Path=".gitattributes" />    <File Path=".gitignore" />  </Folder>  <Project Path="InventoryKamera.WinForms/InventoryKamera.WinForms.csproj">    <Platform Project="x64" />  </Project>  <Project Path="InventoryKamera.Services/InventoryKamera.Services.csproj">    <Platform Project="x64" />  </Project></Solution>