<Solution>
  <Configurations>
    <Platform Name="x64" />
  </Configurations>
  <Folder Name="/Solution Items/">
    <File Path=".editorconfig" />
    <File Path=".gitattributes" />
    <File Path=".gitignore" />
    <File Path="GEMINI.md" />
    <File Path="README.md" />
  </Folder>
  <Project Path="InventoryKamera.WinForms/InventoryKamera.WinForms.csproj">
    <Platform Solution="*|x64" Project="x64" />
  </Project>
  <Project Path="InventoryKamera.Services/InventoryKamera.Services.csproj" />
  <Project Path="InventoryKamera.WinUI/InventoryKamera.WinUI.csproj">
    <Platform Solution="*|x64" Project="x64" />
    <Deploy />
  </Project>
</Solution>
